// !$*UTF8*$!
{
	archiveVersion = 1;
	classes = {
	};
	objectVersion = 60;
	objects = {

/* Begin PBXBuildFile section */
		312ABB1A402A2B6AD0B12552 /* SwiftConfApp.swift in Sources */ = {isa = PBXBuildFile; fileRef = 557CA1EE7B5684F41E723E55 /* SwiftConfApp.swift */; };
		4760783037EFBE2F637181FA /* SlideConfiguration.swift in Sources */ = {isa = PBXBuildFile; fileRef = 32C34C7B2020E40C4DD389DE /* SlideConfiguration.swift */; };
		C8748A912A88634400CF472D /* SlideKit in Frameworks */ = {isa = PBXBuildFile; productRef = C8748A902A88634400CF472D /* SlideKit */; };
		C8748A932A8869A700CF472D /* CodeThemeEnvironment.swift in Sources */ = {isa = PBXBuildFile; fileRef = C8748A922A8869A700CF472D /* CodeThemeEnvironment.swift */; };
		C89455B72A82F4230045D123 /* SubtitleStyle.swift in Sources */ = {isa = PBXBuildFile; fileRef = C89455B62A82F4230045D123 /* SubtitleStyle.swift */; };
		C89455B92A82F4730045D123 /* HeaderStyle.swift in Sources */ = {isa = PBXBuildFile; fileRef = C89455B82A82F4730045D123 /* HeaderStyle.swift */; };
		C89455BB2A82F4D20045D123 /* ContentStyle.swift in Sources */ = {isa = PBXBuildFile; fileRef = C89455BA2A82F4D20045D123 /* ContentStyle.swift */; };
		C89455BE2A82F5680045D123 /* Subtitle.swift in Sources */ = {isa = PBXBuildFile; fileRef = C89455BD2A82F5680045D123 /* Subtitle.swift */; };
		C89455C02A82F63B0045D123 /* Element.swift in Sources */ = {isa = PBXBuildFile; fileRef = C89455BF2A82F63B0045D123 /* Element.swift */; };
		C89455C22A82FB740045D123 /* CalloutStyle.swift in Sources */ = {isa = PBXBuildFile; fileRef = C89455C12A82FB740045D123 /* CalloutStyle.swift */; };
		C89455C42A82FB8F0045D123 /* Callout.swift in Sources */ = {isa = PBXBuildFile; fileRef = C89455C32A82FB8F0045D123 /* Callout.swift */; };
		C89455C72A82FCF90045D123 /* ColorSchemeProvider.swift in Sources */ = {isa = PBXBuildFile; fileRef = C89455C62A82FCF90045D123 /* ColorSchemeProvider.swift */; };
		C89455C92A84522E0045D123 /* MotivationSlide.swift in Sources */ = {isa = PBXBuildFile; fileRef = C89455C82A84522E0045D123 /* MotivationSlide.swift */; };
		C8C30AA92A86DE5700752CAA /* Assets.xcassets in Resources */ = {isa = PBXBuildFile; fileRef = C8C30AA82A86DE5700752CAA /* Assets.xcassets */; };
		C8D8E10C2A86B8B30083A38B /* View+Extensions.swift in Sources */ = {isa = PBXBuildFile; fileRef = C8D8E10B2A86B8B30083A38B /* View+Extensions.swift */; };
		C8D8E10E2A86D1B60083A38B /* PhasedStateStore+Extensions.swift in Sources */ = {isa = PBXBuildFile; fileRef = C8D8E10D2A86D1B60083A38B /* PhasedStateStore+Extensions.swift */; };
		C8D8E1122A86D5C00083A38B /* HeaderSlide+Extension.swift in Sources */ = {isa = PBXBuildFile; fileRef = C8D8E1112A86D5C00083A38B /* HeaderSlide+Extension.swift */; };
		C8E2DB782A82EBC6006D1503 /* IntroSlide.swift in Sources */ = {isa = PBXBuildFile; fileRef = C8E2DB772A82EBC6006D1503 /* IntroSlide.swift */; };
		C8E2DB7A2A82EC32006D1503 /* ViewTreeSlide.swift in Sources */ = {isa = PBXBuildFile; fileRef = C8E2DB792A82EC32006D1503 /* ViewTreeSlide.swift */; };
		C8E2DB7C2A82EC7A006D1503 /* DownstreamSlide.swift in Sources */ = {isa = PBXBuildFile; fileRef = C8E2DB7B2A82EC7A006D1503 /* DownstreamSlide.swift */; };
		C8E2DB7E2A82EC99006D1503 /* UpstreamSlide.swift in Sources */ = {isa = PBXBuildFile; fileRef = C8E2DB7D2A82EC99006D1503 /* UpstreamSlide.swift */; };
		C8E2DB802A82ECB7006D1503 /* MoreEnvironmentValuesSlide.swift in Sources */ = {isa = PBXBuildFile; fileRef = C8E2DB7F2A82ECB7006D1503 /* MoreEnvironmentValuesSlide.swift */; };
		C8E2DB822A82EE67006D1503 /* ResponderChainSlide.swift in Sources */ = {isa = PBXBuildFile; fileRef = C8E2DB812A82EE67006D1503 /* ResponderChainSlide.swift */; };
		C8E2DB842A82EE92006D1503 /* ErrorHandlingSlide.swift in Sources */ = {isa = PBXBuildFile; fileRef = C8E2DB832A82EE92006D1503 /* ErrorHandlingSlide.swift */; };
		C8E2DB862A82EEB1006D1503 /* RemoteResourcesSlide.swift in Sources */ = {isa = PBXBuildFile; fileRef = C8E2DB852A82EEB1006D1503 /* RemoteResourcesSlide.swift */; };
		C8E2DB882A82EEE0006D1503 /* WrapUpSlide.swift in Sources */ = {isa = PBXBuildFile; fileRef = C8E2DB872A82EEE0006D1503 /* WrapUpSlide.swift */; };
		C8E2DB8A2A82EF08006D1503 /* OutroSlide.swift in Sources */ = {isa = PBXBuildFile; fileRef = C8E2DB892A82EF08006D1503 /* OutroSlide.swift */; };
		DBEB96582321EF6044E1D797 /* SampleSlide.swift in Sources */ = {isa = PBXBuildFile; fileRef = 3D5C828113C2D3B58C481433 /* SampleSlide.swift */; };
/* End PBXBuildFile section */

/* Begin PBXFileReference section */
		0933313D0DD93B5FF3369014 /* SwiftConf.entitlements */ = {isa = PBXFileReference; lastKnownFileType = text.plist.entitlements; path = SwiftConf.entitlements; sourceTree = "<group>"; };
		32C34C7B2020E40C4DD389DE /* SlideConfiguration.swift */ = {isa = PBXFileReference; lastKnownFileType = sourcecode.swift; path = SlideConfiguration.swift; sourceTree = "<group>"; };
		3D5C828113C2D3B58C481433 /* SampleSlide.swift */ = {isa = PBXFileReference; lastKnownFileType = sourcecode.swift; path = SampleSlide.swift; sourceTree = "<group>"; };
		430A10496358C268FB77665B /* SwiftConf.app */ = {isa = PBXFileReference; explicitFileType = wrapper.application; includeInIndex = 0; path = SwiftConf.app; sourceTree = BUILT_PRODUCTS_DIR; };
		557CA1EE7B5684F41E723E55 /* SwiftConfApp.swift */ = {isa = PBXFileReference; lastKnownFileType = sourcecode.swift; path = SwiftConfApp.swift; sourceTree = "<group>"; };
		630F1FF5E2E4DBCE72F62FE3 /* Info.plist */ = {isa = PBXFileReference; lastKnownFileType = text.plist; path = Info.plist; sourceTree = "<group>"; };
		C8748A922A8869A700CF472D /* CodeThemeEnvironment.swift */ = {isa = PBXFileReference; lastKnownFileType = sourcecode.swift; path = CodeThemeEnvironment.swift; sourceTree = "<group>"; };
		C89455B62A82F4230045D123 /* SubtitleStyle.swift */ = {isa = PBXFileReference; lastKnownFileType = sourcecode.swift; path = SubtitleStyle.swift; sourceTree = "<group>"; };
		C89455B82A82F4730045D123 /* HeaderStyle.swift */ = {isa = PBXFileReference; lastKnownFileType = sourcecode.swift; path = HeaderStyle.swift; sourceTree = "<group>"; };
		C89455BA2A82F4D20045D123 /* ContentStyle.swift */ = {isa = PBXFileReference; lastKnownFileType = sourcecode.swift; path = ContentStyle.swift; sourceTree = "<group>"; };
		C89455BD2A82F5680045D123 /* Subtitle.swift */ = {isa = PBXFileReference; lastKnownFileType = sourcecode.swift; path = Subtitle.swift; sourceTree = "<group>"; };
		C89455BF2A82F63B0045D123 /* Element.swift */ = {isa = PBXFileReference; lastKnownFileType = sourcecode.swift; path = Element.swift; sourceTree = "<group>"; };
		C89455C12A82FB740045D123 /* CalloutStyle.swift */ = {isa = PBXFileReference; lastKnownFileType = sourcecode.swift; path = CalloutStyle.swift; sourceTree = "<group>"; };
		C89455C32A82FB8F0045D123 /* Callout.swift */ = {isa = PBXFileReference; lastKnownFileType = sourcecode.swift; path = Callout.swift; sourceTree = "<group>"; };
		C89455C62A82FCF90045D123 /* ColorSchemeProvider.swift */ = {isa = PBXFileReference; lastKnownFileType = sourcecode.swift; path = ColorSchemeProvider.swift; sourceTree = "<group>"; };
		C89455C82A84522E0045D123 /* MotivationSlide.swift */ = {isa = PBXFileReference; lastKnownFileType = sourcecode.swift; path = MotivationSlide.swift; sourceTree = "<group>"; };
		C8C30AA82A86DE5700752CAA /* Assets.xcassets */ = {isa = PBXFileReference; lastKnownFileType = folder.assetcatalog; path = Assets.xcassets; sourceTree = "<group>"; };
		C8D8E10B2A86B8B30083A38B /* View+Extensions.swift */ = {isa = PBXFileReference; lastKnownFileType = sourcecode.swift; path = "View+Extensions.swift"; sourceTree = "<group>"; };
		C8D8E10D2A86D1B60083A38B /* PhasedStateStore+Extensions.swift */ = {isa = PBXFileReference; lastKnownFileType = sourcecode.swift; path = "PhasedStateStore+Extensions.swift"; sourceTree = "<group>"; };
		C8D8E1112A86D5C00083A38B /* HeaderSlide+Extension.swift */ = {isa = PBXFileReference; lastKnownFileType = sourcecode.swift; path = "HeaderSlide+Extension.swift"; sourceTree = "<group>"; };
		C8E2DB772A82EBC6006D1503 /* IntroSlide.swift */ = {isa = PBXFileReference; lastKnownFileType = sourcecode.swift; path = IntroSlide.swift; sourceTree = "<group>"; };
		C8E2DB792A82EC32006D1503 /* ViewTreeSlide.swift */ = {isa = PBXFileReference; lastKnownFileType = sourcecode.swift; path = ViewTreeSlide.swift; sourceTree = "<group>"; };
		C8E2DB7B2A82EC7A006D1503 /* DownstreamSlide.swift */ = {isa = PBXFileReference; lastKnownFileType = sourcecode.swift; path = DownstreamSlide.swift; sourceTree = "<group>"; };
		C8E2DB7D2A82EC99006D1503 /* UpstreamSlide.swift */ = {isa = PBXFileReference; lastKnownFileType = sourcecode.swift; path = UpstreamSlide.swift; sourceTree = "<group>"; };
		C8E2DB7F2A82ECB7006D1503 /* MoreEnvironmentValuesSlide.swift */ = {isa = PBXFileReference; lastKnownFileType = sourcecode.swift; path = MoreEnvironmentValuesSlide.swift; sourceTree = "<group>"; };
		C8E2DB812A82EE67006D1503 /* ResponderChainSlide.swift */ = {isa = PBXFileReference; lastKnownFileType = sourcecode.swift; path = ResponderChainSlide.swift; sourceTree = "<group>"; };
		C8E2DB832A82EE92006D1503 /* ErrorHandlingSlide.swift */ = {isa = PBXFileReference; lastKnownFileType = sourcecode.swift; path = ErrorHandlingSlide.swift; sourceTree = "<group>"; };
		C8E2DB852A82EEB1006D1503 /* RemoteResourcesSlide.swift */ = {isa = PBXFileReference; lastKnownFileType = sourcecode.swift; path = RemoteResourcesSlide.swift; sourceTree = "<group>"; };
		C8E2DB872A82EEE0006D1503 /* WrapUpSlide.swift */ = {isa = PBXFileReference; lastKnownFileType = sourcecode.swift; path = WrapUpSlide.swift; sourceTree = "<group>"; };
		C8E2DB892A82EF08006D1503 /* OutroSlide.swift */ = {isa = PBXFileReference; lastKnownFileType = sourcecode.swift; path = OutroSlide.swift; sourceTree = "<group>"; };
/* End PBXFileReference section */

/* Begin PBXFrameworksBuildPhase section */
		E75A611D98BAD58D1C14B3B7 /* Frameworks */ = {
			isa = PBXFrameworksBuildPhase;
			buildActionMask = 2147483647;
			files = (
				C8748A912A88634400CF472D /* SlideKit in Frameworks */,
			);
			runOnlyForDeploymentPostprocessing = 0;
		};
/* End PBXFrameworksBuildPhase section */

/* Begin PBXGroup section */
		146978F4C006073CFC7616A4 = {
			isa = PBXGroup;
			children = (
				8A83F115BB00C499B495F5E8 /* SwiftConf */,
				F37C6B633128E680984E0138 /* Products */,
			);
			sourceTree = "<group>";
			usesTabs = 1;
		};
		8A83F115BB00C499B495F5E8 /* SwiftConf */ = {
			isa = PBXGroup;
			children = (
				630F1FF5E2E4DBCE72F62FE3 /* Info.plist */,
				557CA1EE7B5684F41E723E55 /* SwiftConfApp.swift */,
				32C34C7B2020E40C4DD389DE /* SlideConfiguration.swift */,
				C8C30AA82A86DE5700752CAA /* Assets.xcassets */,
				0933313D0DD93B5FF3369014 /* SwiftConf.entitlements */,
				E435C644704D16723995BAB8 /* Slides */,
				C89455BC2A82F54B0045D123 /* Types */,
				C89455B52A82F3E70045D123 /* Styles */,
				C89455C52A82FCE10045D123 /* Utilities */,
			);
			path = SwiftConf;
			sourceTree = "<group>";
		};
		C89455B52A82F3E70045D123 /* Styles */ = {
			isa = PBXGroup;
			children = (
				C89455B82A82F4730045D123 /* HeaderStyle.swift */,
				C89455B62A82F4230045D123 /* SubtitleStyle.swift */,
				C89455BA2A82F4D20045D123 /* ContentStyle.swift */,
				C89455C12A82FB740045D123 /* CalloutStyle.swift */,
			);
			path = Styles;
			sourceTree = "<group>";
		};
		C89455BC2A82F54B0045D123 /* Types */ = {
			isa = PBXGroup;
			children = (
				C89455BD2A82F5680045D123 /* Subtitle.swift */,
				C89455BF2A82F63B0045D123 /* Element.swift */,
				C89455C32A82FB8F0045D123 /* Callout.swift */,
			);
			path = Types;
			sourceTree = "<group>";
		};
		C89455C52A82FCE10045D123 /* Utilities */ = {
			isa = PBXGroup;
			children = (
				C89455C62A82FCF90045D123 /* ColorSchemeProvider.swift */,
				C8D8E10B2A86B8B30083A38B /* View+Extensions.swift */,
				C8D8E10D2A86D1B60083A38B /* PhasedStateStore+Extensions.swift */,
				C8D8E1112A86D5C00083A38B /* HeaderSlide+Extension.swift */,
				C8748A922A8869A700CF472D /* CodeThemeEnvironment.swift */,
			);
			path = Utilities;
			sourceTree = "<group>";
		};
		E435C644704D16723995BAB8 /* Slides */ = {
			isa = PBXGroup;
			children = (
				3D5C828113C2D3B58C481433 /* SampleSlide.swift */,
				C8E2DB772A82EBC6006D1503 /* IntroSlide.swift */,
				C89455C82A84522E0045D123 /* MotivationSlide.swift */,
				C8E2DB792A82EC32006D1503 /* ViewTreeSlide.swift */,
				C8E2DB7B2A82EC7A006D1503 /* DownstreamSlide.swift */,
				C8E2DB7D2A82EC99006D1503 /* UpstreamSlide.swift */,
				C8E2DB812A82EE67006D1503 /* ResponderChainSlide.swift */,
				C8E2DB7F2A82ECB7006D1503 /* MoreEnvironmentValuesSlide.swift */,
				C8E2DB832A82EE92006D1503 /* ErrorHandlingSlide.swift */,
				C8E2DB852A82EEB1006D1503 /* RemoteResourcesSlide.swift */,
				C8E2DB872A82EEE0006D1503 /* WrapUpSlide.swift */,
				C8E2DB892A82EF08006D1503 /* OutroSlide.swift */,
			);
			path = Slides;
			sourceTree = "<group>";
		};
		F37C6B633128E680984E0138 /* Products */ = {
			isa = PBXGroup;
			children = (
				430A10496358C268FB77665B /* SwiftConf.app */,
			);
			name = Products;
			sourceTree = "<group>";
		};
/* End PBXGroup section */

/* Begin PBXNativeTarget section */
		D8C681D6707A6A0B9817BA5B /* SwiftConf */ = {
			isa = PBXNativeTarget;
			buildConfigurationList = C33B255A44FE10FAECB0DBA8 /* Build configuration list for PBXNativeTarget "SwiftConf" */;
			buildPhases = (
				ADFB048DF794D6AFD141DBC8 /* Sources */,
				E75A611D98BAD58D1C14B3B7 /* Frameworks */,
				C8C30AA62A86DE4300752CAA /* Resources */,
			);
			buildRules = (
			);
			dependencies = (
			);
			name = SwiftConf;
			packageProductDependencies = (
				C8748A902A88634400CF472D /* SlideKit */,
			);
			productName = SwiftConf;
			productReference = 430A10496358C268FB77665B /* SwiftConf.app */;
			productType = "com.apple.product-type.application";
		};
/* End PBXNativeTarget section */

/* Begin PBXProject section */
		4426389715953196A9EB1457 /* Project object */ = {
			isa = PBXProject;
			attributes = {
				LastUpgradeCheck = 1200;
			};
			buildConfigurationList = 36B4F94E8EDD474C7945532C /* Build configuration list for PBXProject "SwiftConf" */;
			compatibilityVersion = "Xcode 11.0";
			developmentRegion = en;
			hasScannedForEncodings = 0;
			knownRegions = (
				Base,
				en,
			);
			mainGroup = 146978F4C006073CFC7616A4;
			packageReferences = (
				C8748A8F2A88634400CF472D /* XCLocalSwiftPackageReference "../../Third Party/SlideKit" */,
			);
			projectDirPath = "";
			projectRoot = "";
			targets = (
				D8C681D6707A6A0B9817BA5B /* SwiftConf */,
			);
		};
/* End PBXProject section */

/* Begin PBXResourcesBuildPhase section */
		C8C30AA62A86DE4300752CAA /* Resources */ = {
			isa = PBXResourcesBuildPhase;
			buildActionMask = 2147483647;
			files = (
				C8C30AA92A86DE5700752CAA /* Assets.xcassets in Resources */,
			);
			runOnlyForDeploymentPostprocessing = 0;
		};
/* End PBXResourcesBuildPhase section */

/* Begin PBXSourcesBuildPhase section */
		ADFB048DF794D6AFD141DBC8 /* Sources */ = {
			isa = PBXSourcesBuildPhase;
			buildActionMask = 2147483647;
			files = (
				C8E2DB802A82ECB7006D1503 /* MoreEnvironmentValuesSlide.swift in Sources */,
				C8E2DB782A82EBC6006D1503 /* IntroSlide.swift in Sources */,
				C8E2DB7A2A82EC32006D1503 /* ViewTreeSlide.swift in Sources */,
				C8E2DB842A82EE92006D1503 /* ErrorHandlingSlide.swift in Sources */,
				C8748A932A8869A700CF472D /* CodeThemeEnvironment.swift in Sources */,
				C8E2DB8A2A82EF08006D1503 /* OutroSlide.swift in Sources */,
				C89455C02A82F63B0045D123 /* Element.swift in Sources */,
				C89455B92A82F4730045D123 /* HeaderStyle.swift in Sources */,
				C8E2DB882A82EEE0006D1503 /* WrapUpSlide.swift in Sources */,
				C8E2DB7E2A82EC99006D1503 /* UpstreamSlide.swift in Sources */,
				C89455C92A84522E0045D123 /* MotivationSlide.swift in Sources */,
				C89455B72A82F4230045D123 /* SubtitleStyle.swift in Sources */,
				C89455BB2A82F4D20045D123 /* ContentStyle.swift in Sources */,
				DBEB96582321EF6044E1D797 /* SampleSlide.swift in Sources */,
				C89455BE2A82F5680045D123 /* Subtitle.swift in Sources */,
				C8D8E10E2A86D1B60083A38B /* PhasedStateStore+Extensions.swift in Sources */,
				4760783037EFBE2F637181FA /* SlideConfiguration.swift in Sources */,
				C8E2DB822A82EE67006D1503 /* ResponderChainSlide.swift in Sources */,
				C8D8E10C2A86B8B30083A38B /* View+Extensions.swift in Sources */,
				312ABB1A402A2B6AD0B12552 /* SwiftConfApp.swift in Sources */,
				C8D8E1122A86D5C00083A38B /* HeaderSlide+Extension.swift in Sources */,
				C89455C42A82FB8F0045D123 /* Callout.swift in Sources */,
				C8E2DB7C2A82EC7A006D1503 /* DownstreamSlide.swift in Sources */,
				C8E2DB862A82EEB1006D1503 /* RemoteResourcesSlide.swift in Sources */,
				C89455C72A82FCF90045D123 /* ColorSchemeProvider.swift in Sources */,
				C89455C22A82FB740045D123 /* CalloutStyle.swift in Sources */,
			);
			runOnlyForDeploymentPostprocessing = 0;
		};
/* End PBXSourcesBuildPhase section */

/* Begin XCBuildConfiguration section */
		1A400507ADDD103733E33B88 /* Debug */ = {
			isa = XCBuildConfiguration;
			buildSettings = {
				ALWAYS_SEARCH_USER_PATHS = NO;
				CLANG_ANALYZER_NONNULL = YES;
				CLANG_ANALYZER_NUMBER_OBJECT_CONVERSION = YES_AGGRESSIVE;
				CLANG_CXX_LANGUAGE_STANDARD = "gnu++14";
				CLANG_CXX_LIBRARY = "libc++";
				CLANG_ENABLE_MODULES = YES;
				CLANG_ENABLE_OBJC_ARC = YES;
				CLANG_ENABLE_OBJC_WEAK = YES;
				CLANG_WARN_BLOCK_CAPTURE_AUTORELEASING = YES;
				CLANG_WARN_BOOL_CONVERSION = YES;
				CLANG_WARN_COMMA = YES;
				CLANG_WARN_CONSTANT_CONVERSION = YES;
				CLANG_WARN_DEPRECATED_OBJC_IMPLEMENTATIONS = YES;
				CLANG_WARN_DIRECT_OBJC_ISA_USAGE = YES_ERROR;
				CLANG_WARN_DOCUMENTATION_COMMENTS = YES;
				CLANG_WARN_EMPTY_BODY = YES;
				CLANG_WARN_ENUM_CONVERSION = YES;
				CLANG_WARN_INFINITE_RECURSION = YES;
				CLANG_WARN_INT_CONVERSION = YES;
				CLANG_WARN_NON_LITERAL_NULL_CONVERSION = YES;
				CLANG_WARN_OBJC_IMPLICIT_RETAIN_SELF = YES;
				CLANG_WARN_OBJC_LITERAL_CONVERSION = YES;
				CLANG_WARN_OBJC_ROOT_CLASS = YES_ERROR;
				CLANG_WARN_QUOTED_INCLUDE_IN_FRAMEWORK_HEADER = YES;
				CLANG_WARN_RANGE_LOOP_ANALYSIS = YES;
				CLANG_WARN_STRICT_PROTOTYPES = YES;
				CLANG_WARN_SUSPICIOUS_MOVE = YES;
				CLANG_WARN_UNGUARDED_AVAILABILITY = YES_AGGRESSIVE;
				CLANG_WARN_UNREACHABLE_CODE = YES;
				CLANG_WARN__DUPLICATE_METHOD_MATCH = YES;
				COPY_PHASE_STRIP = NO;
				DEBUG_INFORMATION_FORMAT = dwarf;
				ENABLE_STRICT_OBJC_MSGSEND = YES;
				ENABLE_TESTABILITY = YES;
				GCC_C_LANGUAGE_STANDARD = gnu11;
				GCC_DYNAMIC_NO_PIC = NO;
				GCC_NO_COMMON_BLOCKS = YES;
				GCC_OPTIMIZATION_LEVEL = 0;
				GCC_PREPROCESSOR_DEFINITIONS = (
					"$(inherited)",
					"DEBUG=1",
				);
				GCC_WARN_64_TO_32_BIT_CONVERSION = YES;
				GCC_WARN_ABOUT_RETURN_TYPE = YES_ERROR;
				GCC_WARN_UNDECLARED_SELECTOR = YES;
				GCC_WARN_UNINITIALIZED_AUTOS = YES_AGGRESSIVE;
				GCC_WARN_UNUSED_FUNCTION = YES;
				GCC_WARN_UNUSED_VARIABLE = YES;
				IPHONEOS_DEPLOYMENT_TARGET = 17.0;
				MACOSX_DEPLOYMENT_TARGET = 14.0;
				MTL_ENABLE_DEBUG_INFO = INCLUDE_SOURCE;
				MTL_FAST_MATH = YES;
				ONLY_ACTIVE_ARCH = YES;
				PRODUCT_NAME = "$(TARGET_NAME)";
				SDKROOT = macosx;
				SWIFT_ACTIVE_COMPILATION_CONDITIONS = DEBUG;
				SWIFT_OPTIMIZATION_LEVEL = "-Onone";
				SWIFT_VERSION = 5.0;
			};
			name = Debug;
		};
		6188745F37A7D5A0CB4FDF42 /* Release */ = {
			isa = XCBuildConfiguration;
			buildSettings = {
				ASSETCATALOG_COMPILER_APPICON_NAME = AppIcon;
				ASSETCATALOG_COMPILER_INCLUDE_ALL_APPICON_ASSETS = YES;
				CODE_SIGN_IDENTITY = "Apple Development";
				CODE_SIGN_STYLE = Automatic;
				COMBINE_HIDPI_IMAGES = YES;
				CURRENT_PROJECT_VERSION = 1;
				DEVELOPMENT_TEAM = FS696NSBK7;
				INFOPLIST_FILE = SwiftConf/Info.plist;
				LD_RUNPATH_SEARCH_PATHS = (
					"$(inherited)",
					"@executable_path/../Frameworks",
				);
				MARKETING_VERSION = 1.0.0;
				PRODUCT_BUNDLE_IDENTIFIER = com.emiliopelaez.SwiftConf;
				PROVISIONING_PROFILE_SPECIFIER = "";
				SDKROOT = macosx;
				SUPPORTED_PLATFORMS = "iphoneos iphonesimulator macosx";
				SUPPORTS_MACCATALYST = NO;
				TARGETED_DEVICE_FAMILY = "1,2";
			};
			name = Release;
		};
		6A22F57EB8CE00274BF66EF1 /* Release */ = {
			isa = XCBuildConfiguration;
			buildSettings = {
				ALWAYS_SEARCH_USER_PATHS = NO;
				CLANG_ANALYZER_NONNULL = YES;
				CLANG_ANALYZER_NUMBER_OBJECT_CONVERSION = YES_AGGRESSIVE;
				CLANG_CXX_LANGUAGE_STANDARD = "gnu++14";
				CLANG_CXX_LIBRARY = "libc++";
				CLANG_ENABLE_MODULES = YES;
				CLANG_ENABLE_OBJC_ARC = YES;
				CLANG_ENABLE_OBJC_WEAK = YES;
				CLANG_WARN_BLOCK_CAPTURE_AUTORELEASING = YES;
				CLANG_WARN_BOOL_CONVERSION = YES;
				CLANG_WARN_COMMA = YES;
				CLANG_WARN_CONSTANT_CONVERSION = YES;
				CLANG_WARN_DEPRECATED_OBJC_IMPLEMENTATIONS = YES;
				CLANG_WARN_DIRECT_OBJC_ISA_USAGE = YES_ERROR;
				CLANG_WARN_DOCUMENTATION_COMMENTS = YES;
				CLANG_WARN_EMPTY_BODY = YES;
				CLANG_WARN_ENUM_CONVERSION = YES;
				CLANG_WARN_INFINITE_RECURSION = YES;
				CLANG_WARN_INT_CONVERSION = YES;
				CLANG_WARN_NON_LITERAL_NULL_CONVERSION = YES;
				CLANG_WARN_OBJC_IMPLICIT_RETAIN_SELF = YES;
				CLANG_WARN_OBJC_LITERAL_CONVERSION = YES;
				CLANG_WARN_OBJC_ROOT_CLASS = YES_ERROR;
				CLANG_WARN_QUOTED_INCLUDE_IN_FRAMEWORK_HEADER = YES;
				CLANG_WARN_RANGE_LOOP_ANALYSIS = YES;
				CLANG_WARN_STRICT_PROTOTYPES = YES;
				CLANG_WARN_SUSPICIOUS_MOVE = YES;
				CLANG_WARN_UNGUARDED_AVAILABILITY = YES_AGGRESSIVE;
				CLANG_WARN_UNREACHABLE_CODE = YES;
				CLANG_WARN__DUPLICATE_METHOD_MATCH = YES;
				COPY_PHASE_STRIP = NO;
				DEBUG_INFORMATION_FORMAT = "dwarf-with-dsym";
				ENABLE_NS_ASSERTIONS = NO;
				ENABLE_STRICT_OBJC_MSGSEND = YES;
				GCC_C_LANGUAGE_STANDARD = gnu11;
				GCC_NO_COMMON_BLOCKS = YES;
				GCC_WARN_64_TO_32_BIT_CONVERSION = YES;
				GCC_WARN_ABOUT_RETURN_TYPE = YES_ERROR;
				GCC_WARN_UNDECLARED_SELECTOR = YES;
				GCC_WARN_UNINITIALIZED_AUTOS = YES_AGGRESSIVE;
				GCC_WARN_UNUSED_FUNCTION = YES;
				GCC_WARN_UNUSED_VARIABLE = YES;
				IPHONEOS_DEPLOYMENT_TARGET = 17.0;
				MACOSX_DEPLOYMENT_TARGET = 14.0;
				MTL_ENABLE_DEBUG_INFO = NO;
				MTL_FAST_MATH = YES;
				PRODUCT_NAME = "$(TARGET_NAME)";
				SDKROOT = macosx;
				SWIFT_COMPILATION_MODE = wholemodule;
				SWIFT_OPTIMIZATION_LEVEL = "-O";
				SWIFT_VERSION = 5.0;
			};
			name = Release;
		};
		9A2D49BF8056F8B389A2679E /* Debug */ = {
			isa = XCBuildConfiguration;
			buildSettings = {
				ASSETCATALOG_COMPILER_APPICON_NAME = AppIcon;
				ASSETCATALOG_COMPILER_INCLUDE_ALL_APPICON_ASSETS = YES;
				CODE_SIGN_IDENTITY = "Apple Development";
				CODE_SIGN_STYLE = Automatic;
				COMBINE_HIDPI_IMAGES = YES;
				CURRENT_PROJECT_VERSION = 1;
				DEVELOPMENT_TEAM = FS696NSBK7;
				INFOPLIST_FILE = SwiftConf/Info.plist;
				LD_RUNPATH_SEARCH_PATHS = (
					"$(inherited)",
					"@executable_path/../Frameworks",
				);
				MARKETING_VERSION = 1.0.0;
				PRODUCT_BUNDLE_IDENTIFIER = com.emiliopelaez.SwiftConf;
				PROVISIONING_PROFILE_SPECIFIER = "";
				SDKROOT = macosx;
				SUPPORTED_PLATFORMS = "iphoneos iphonesimulator macosx";
				SUPPORTS_MACCATALYST = NO;
				TARGETED_DEVICE_FAMILY = "1,2";
			};
			name = Debug;
		};
/* End XCBuildConfiguration section */

/* Begin XCConfigurationList section */
		36B4F94E8EDD474C7945532C /* Build configuration list for PBXProject "SwiftConf" */ = {
			isa = XCConfigurationList;
			buildConfigurations = (
				1A400507ADDD103733E33B88 /* Debug */,
				6A22F57EB8CE00274BF66EF1 /* Release */,
			);
			defaultConfigurationIsVisible = 0;
			defaultConfigurationName = Debug;
		};
		C33B255A44FE10FAECB0DBA8 /* Build configuration list for PBXNativeTarget "SwiftConf" */ = {
			isa = XCConfigurationList;
			buildConfigurations = (
				9A2D49BF8056F8B389A2679E /* Debug */,
				6188745F37A7D5A0CB4FDF42 /* Release */,
			);
			defaultConfigurationIsVisible = 0;
			defaultConfigurationName = Debug;
		};
/* End XCConfigurationList section */

/* Begin XCLocalSwiftPackageReference section */
		C8748A8F2A88634400CF472D /* XCLocalSwiftPackageReference "../../Third Party/SlideKit" */ = {
			isa = XCLocalSwiftPackageReference;
			relativePath = "../../Third Party/SlideKit";
		};
/* End XCLocalSwiftPackageReference section */

/* Begin XCSwiftPackageProductDependency section */
		C8748A902A88634400CF472D /* SlideKit */ = {
			isa = XCSwiftPackageProductDependency;
			productName = SlideKit;
		};
/* End XCSwiftPackageProductDependency section */
	};
	rootObject = 4426389715953196A9EB1457 /* Project object */;
}
